
Microsoft Visual Studio Solution File, Format Version 12.00
# Visual Studio 15
VisualStudioVersion = 15.0.27428.2015
MinimumVisualStudioVersion = 10.0.40219.1
Project("{FAE04EC0-301F-11D3-BF4B-00C04F79EFBC}") = "Pacman", "Pacman\Pacman.csproj", "{BCA237B2-03D1-4FCC-9C63-729CD83C5B7A}"
EndProject
Global
	GlobalSection(SolutionConfigurationPlatforms) = preSolution
		Debug|Any CPU = Debug|Any CPU
		Release|Any CPU = Release|Any CPU
	EndGlobalSection
	GlobalSection(ProjectConfigurationPlatforms) = postSolution
		{BCA237B2-03D1-4FCC-9C63-729CD83C5B7A}.Debug|Any CPU.ActiveCfg = Debug|Any CPU
		{BCA237B2-03D1-4FCC-9C63-729CD83C5B7A}.Debug|Any CPU.Build.0 = Debug|Any CPU
		{BCA237B2-03D1-4FCC-9C63-729CD83C5B7A}.Release|Any CPU.ActiveCfg = Release|Any CPU
		{BCA237B2-03D1-4FCC-9C63-729CD83C5B7A}.Release|Any CPU.Build.0 = Release|Any CPU
	EndGlobalSection
	GlobalSection(SolutionProperties) = preSolution
		HideSolutionNode = FALSE
	EndGlobalSection
	GlobalSection(ExtensibilityGlobals) = postSolution
		SolutionGuid = {81553D30-378F-4862-AFE0-EC046A106043}
	EndGlobalSection
EndGlobal
